
Microsoft Visual Studio Solution File, Format Version 12.00
# Visual Studio Version 17
VisualStudioVersion = 17.8.34322.80
MinimumVisualStudioVersion = 10.0.40219.1
Project("{9A19103F-16F7-4668-BE54-9A1E7A4F7556}") = "WhiteLagoon", "WhiteLagoon\WhiteLagoon.csproj", "{96AB29A6-4AAD-4EAF-AC78-A78914F01240}"
EndProject
Project("{FAE04EC0-301F-11D3-BF4B-00C04F79EFBC}") = "WhiteLagoon.Domain", "WhiteLagoon.Domain\WhiteLagoon.Domain.csproj", "{3709BF22-5187-4F3B-9A42-0C1DEC575DBC}"
EndProject
Project("{FAE04EC0-301F-11D3-BF4B-00C04F79EFBC}") = "WhiteLagoon.Application", "WhiteLagoon.Application\WhiteLagoon.Application.csproj", "{22B9F35B-DB34-4790-A054-9DED115D6D10}"
EndProject
Project("{FAE04EC0-301F-11D3-BF4B-00C04F79EFBC}") = "WhiteLagoon.Infrastructure", "WhiteLagoon.Infrastructure\WhiteLagoon.Infrastructure.csproj", "{85AB9336-F2DD-4535-8D5B-EADFA8E0CE54}"
EndProject
Global
	GlobalSection(SolutionConfigurationPlatforms) = preSolution
		Debug|Any CPU = Debug|Any CPU
		Release|Any CPU = Release|Any CPU
	EndGlobalSection
	GlobalSection(ProjectConfigurationPlatforms) = postSolution
		{96AB29A6-4AAD-4EAF-AC78-A78914F01240}.Debug|Any CPU.ActiveCfg = Debug|Any CPU
		{96AB29A6-4AAD-4EAF-AC78-A78914F01240}.Debug|Any CPU.Build.0 = Debug|Any CPU
		{96AB29A6-4AAD-4EAF-AC78-A78914F01240}.Release|Any CPU.ActiveCfg = Release|Any CPU
		{96AB29A6-4AAD-4EAF-AC78-A78914F01240}.Release|Any CPU.Build.0 = Release|Any CPU
		{3709BF22-5187-4F3B-9A42-0C1DEC575DBC}.Debug|Any CPU.ActiveCfg = Debug|Any CPU
		{3709BF22-5187-4F3B-9A42-0C1DEC575DBC}.Debug|Any CPU.Build.0 = Debug|Any CPU
		{3709BF22-5187-4F3B-9A42-0C1DEC575DBC}.Release|Any CPU.ActiveCfg = Release|Any CPU
		{3709BF22-5187-4F3B-9A42-0C1DEC575DBC}.Release|Any CPU.Build.0 = Release|Any CPU
		{22B9F35B-DB34-4790-A054-9DED115D6D10}.Debug|Any CPU.ActiveCfg = Debug|Any CPU
		{22B9F35B-DB34-4790-A054-9DED115D6D10}.Debug|Any CPU.Build.0 = Debug|Any CPU
		{22B9F35B-DB34-4790-A054-9DED115D6D10}.Release|Any CPU.ActiveCfg = Release|Any CPU
		{22B9F35B-DB34-4790-A054-9DED115D6D10}.Release|Any CPU.Build.0 = Release|Any CPU
		{85AB9336-F2DD-4535-8D5B-EADFA8E0CE54}.Debug|Any CPU.ActiveCfg = Debug|Any CPU
		{85AB9336-F2DD-4535-8D5B-EADFA8E0CE54}.Debug|Any CPU.Build.0 = Debug|Any CPU
		{85AB9336-F2DD-4535-8D5B-EADFA8E0CE54}.Release|Any CPU.ActiveCfg = Release|Any CPU
		{85AB9336-F2DD-4535-8D5B-EADFA8E0CE54}.Release|Any CPU.Build.0 = Release|Any CPU
	EndGlobalSection
	GlobalSection(SolutionProperties) = preSolution
		HideSolutionNode = FALSE
	EndGlobalSection
	GlobalSection(ExtensibilityGlobals) = postSolution
		SolutionGuid = {742DC36F-26D3-41F1-9076-A3CBD1A68A13}
	EndGlobalSection
EndGlobal
