
Microsoft Visual Studio Solution File, Format Version 12.00
# Visual Studio Version 17
VisualStudioVersion = 17.8.34330.188
MinimumVisualStudioVersion = 10.0.40219.1
Project("{FAE04EC0-301F-11D3-BF4B-00C04F79EFBC}") = "WhiteLagoon.Web", "WhiteLagoon.Web\WhiteLagoon.Web.csproj", "{114374CE-5F80-495F-BE13-E7A33222AC14}"
EndProject
Project("{FAE04EC0-301F-11D3-BF4B-00C04F79EFBC}") = "WhiteLagoon.Domain", "WhiteLagoon.Domain\WhiteLagoon.Domain.csproj", "{0DD6A5C4-23F4-41B8-96DD-BFF22086AADF}"
EndProject
Project("{FAE04EC0-301F-11D3-BF4B-00C04F79EFBC}") = "WhiteLagoon.Application", "WhiteLagoon.Application\WhiteLagoon.Application.csproj", "{854EAB64-E080-4D5B-A149-651F127120C5}"
EndProject
Project("{FAE04EC0-301F-11D3-BF4B-00C04F79EFBC}") = "WhiteLagoon.Infrastructure", "WhiteLagoon.Infrastructure\WhiteLagoon.Infrastructure.csproj", "{BA632242-159C-4560-A5BB-EDFA69AA497C}"
EndProject
Global
	GlobalSection(SolutionConfigurationPlatforms) = preSolution
		Debug|Any CPU = Debug|Any CPU
		Release|Any CPU = Release|Any CPU
	EndGlobalSection
	GlobalSection(ProjectConfigurationPlatforms) = postSolution
		{114374CE-5F80-495F-BE13-E7A33222AC14}.Debug|Any CPU.ActiveCfg = Debug|Any CPU
		{114374CE-5F80-495F-BE13-E7A33222AC14}.Debug|Any CPU.Build.0 = Debug|Any CPU
		{114374CE-5F80-495F-BE13-E7A33222AC14}.Release|Any CPU.ActiveCfg = Release|Any CPU
		{114374CE-5F80-495F-BE13-E7A33222AC14}.Release|Any CPU.Build.0 = Release|Any CPU
		{0DD6A5C4-23F4-41B8-96DD-BFF22086AADF}.Debug|Any CPU.ActiveCfg = Debug|Any CPU
		{0DD6A5C4-23F4-41B8-96DD-BFF22086AADF}.Debug|Any CPU.Build.0 = Debug|Any CPU
		{0DD6A5C4-23F4-41B8-96DD-BFF22086AADF}.Release|Any CPU.ActiveCfg = Release|Any CPU
		{0DD6A5C4-23F4-41B8-96DD-BFF22086AADF}.Release|Any CPU.Build.0 = Release|Any CPU
		{854EAB64-E080-4D5B-A149-651F127120C5}.Debug|Any CPU.ActiveCfg = Debug|Any CPU
		{854EAB64-E080-4D5B-A149-651F127120C5}.Debug|Any CPU.Build.0 = Debug|Any CPU
		{854EAB64-E080-4D5B-A149-651F127120C5}.Release|Any CPU.ActiveCfg = Release|Any CPU
		{854EAB64-E080-4D5B-A149-651F127120C5}.Release|Any CPU.Build.0 = Release|Any CPU
		{BA632242-159C-4560-A5BB-EDFA69AA497C}.Debug|Any CPU.ActiveCfg = Debug|Any CPU
		{BA632242-159C-4560-A5BB-EDFA69AA497C}.Debug|Any CPU.Build.0 = Debug|Any CPU
		{BA632242-159C-4560-A5BB-EDFA69AA497C}.Release|Any CPU.ActiveCfg = Release|Any CPU
		{BA632242-159C-4560-A5BB-EDFA69AA497C}.Release|Any CPU.Build.0 = Release|Any CPU
	EndGlobalSection
	GlobalSection(SolutionProperties) = preSolution
		HideSolutionNode = FALSE
	EndGlobalSection
	GlobalSection(ExtensibilityGlobals) = postSolution
		SolutionGuid = {6A837FBB-1D7C-4960-AFC2-66E75504D257}
	EndGlobalSection
EndGlobal
